
Microsoft Visual Studio Solution File, Format Version 12.00
# Visual Studio Version 16
VisualStudioVersion = 16.0.31729.503
MinimumVisualStudioVersion = 10.0.40219.1
Project("{FAE04EC0-301F-11D3-BF4B-00C04F79EFBC}") = "CallManagement", "CallManagement\CallManagement.csproj", "{0DD2C06D-7FC6-4DED-975C-2B285383A6DE}"
EndProject
Global
	GlobalSection(SolutionConfigurationPlatforms) = preSolution
		Debug|Any CPU = Debug|Any CPU
		Release|Any CPU = Release|Any CPU
	EndGlobalSection
	GlobalSection(ProjectConfigurationPlatforms) = postSolution
		{0DD2C06D-7FC6-4DED-975C-2B285383A6DE}.Debug|Any CPU.ActiveCfg = Debug|Any CPU
		{0DD2C06D-7FC6-4DED-975C-2B285383A6DE}.Debug|Any CPU.Build.0 = Debug|Any CPU
		{0DD2C06D-7FC6-4DED-975C-2B285383A6DE}.Release|Any CPU.ActiveCfg = Release|Any CPU
		{0DD2C06D-7FC6-4DED-975C-2B285383A6DE}.Release|Any CPU.Build.0 = Release|Any CPU
	EndGlobalSection
	GlobalSection(SolutionProperties) = preSolution
		HideSolutionNode = FALSE
	EndGlobalSection
	GlobalSection(ExtensibilityGlobals) = postSolution
		SolutionGuid = {DA754901-9E47-4DBE-9AFF-210487113A30}
	EndGlobalSection
EndGlobal
